
Microsoft Visual Studio Solution File, Format Version 12.00
# Visual Studio 2013
VisualStudioVersion = 12.0.31101.0
MinimumVisualStudioVersion = 10.0.40219.1
Project("{00D1A9C2-B5F0-4AF3-8072-F6C62B433612}") = "ABCLogisticsData", "ABCLogisticsData\ABCLogisticsData.sqlproj", "{0AA8E0C3-4167-4557-8220-CB375E934AAE}"
EndProject
Global
	GlobalSection(SolutionConfigurationPlatforms) = preSolution
		Debug|Any CPU = Debug|Any CPU
		Release|Any CPU = Release|Any CPU
	EndGlobalSection
	GlobalSection(ProjectConfigurationPlatforms) = postSolution
		{0AA8E0C3-4167-4557-8220-CB375E934AAE}.Debug|Any CPU.ActiveCfg = Debug|Any CPU
		{0AA8E0C3-4167-4557-8220-CB375E934AAE}.Debug|Any CPU.Build.0 = Debug|Any CPU
		{0AA8E0C3-4167-4557-8220-CB375E934AAE}.Debug|Any CPU.Deploy.0 = Debug|Any CPU
		{0AA8E0C3-4167-4557-8220-CB375E934AAE}.Release|Any CPU.ActiveCfg = Release|Any CPU
		{0AA8E0C3-4167-4557-8220-CB375E934AAE}.Release|Any CPU.Build.0 = Release|Any CPU
		{0AA8E0C3-4167-4557-8220-CB375E934AAE}.Release|Any CPU.Deploy.0 = Release|Any CPU
	EndGlobalSection
	GlobalSection(SolutionProperties) = preSolution
		HideSolutionNode = FALSE
	EndGlobalSection
EndGlobal
